// !$*UTF8*$!
{
	archiveVersion = 1;
	classes = {
	};
	objectVersion = 46;
	objects = {

/* Begin PBXBuildFile section */
		C08014D51BBB649800769261 /* AppDelegate.swift in Sources */ = {isa = PBXBuildFile; fileRef = C08014D41BBB649800769261 /* AppDelegate.swift */; };
		C08014D71BBB649800769261 /* ViewController.swift in Sources */ = {isa = PBXBuildFile; fileRef = C08014D61BBB649800769261 /* ViewController.swift */; };
		C08014DA1BBB649800769261 /* Main.storyboard in Resources */ = {isa = PBXBuildFile; fileRef = C08014D81BBB649800769261 /* Main.storyboard */; };
		C08014DC1BBB649800769261 /* Assets.xcassets in Resources */ = {isa = PBXBuildFile; fileRef = C08014DB1BBB649800769261 /* Assets.xcassets */; };
		C08014DF1BBB649800769261 /* LaunchScreen.storyboard in Resources */ = {isa = PBXBuildFile; fileRef = C08014DD1BBB649800769261 /* LaunchScreen.storyboard */; };
/* End PBXBuildFile section */

/* Begin PBXFileReference section */
		C08014D11BBB649800769261 /* ToDoList(practice).app */ = {isa = PBXFileReference; explicitFileType = wrapper.application; includeInIndex = 0; path = "ToDoList(practice).app"; sourceTree = BUILT_PRODUCTS_DIR; };
		C08014D41BBB649800769261 /* AppDelegate.swift */ = {isa = PBXFileReference; lastKnownFileType = sourcecode.swift; path = AppDelegate.swift; sourceTree = "<group>"; };
		C08014D61BBB649800769261 /* ViewController.swift */ = {isa = PBXFileReference; lastKnownFileType = sourcecode.swift; path = ViewController.swift; sourceTree = "<group>"; };
		C08014D91BBB649800769261 /* Base */ = {isa = PBXFileReference; lastKnownFileType = file.storyboard; name = Base; path = Base.lproj/Main.storyboard; sourceTree = "<group>"; };
		C08014DB1BBB649800769261 /* Assets.xcassets */ = {isa = PBXFileReference; lastKnownFileType = folder.assetcatalog; path = Assets.xcassets; sourceTree = "<group>"; };
		C08014DE1BBB649800769261 /* Base */ = {isa = PBXFileReference; lastKnownFileType = file.storyboard; name = Base; path = Base.lproj/LaunchScreen.storyboard; sourceTree = "<group>"; };
		C08014E01BBB649800769261 /* Info.plist */ = {isa = PBXFileReference; lastKnownFileType = text.plist.xml; path = Info.plist; sourceTree = "<group>"; };
/* End PBXFileReference section */

/* Begin PBXFrameworksBuildPhase section */
		C08014CE1BBB649800769261 /* Frameworks */ = {
			isa = PBXFrameworksBuildPhase;
			buildActionMask = 2147483647;
			files = (
			);
			runOnlyForDeploymentPostprocessing = 0;
		};
/* End PBXFrameworksBuildPhase section */

/* Begin PBXGroup section */
		C08014C81BBB649800769261 = {
			isa = PBXGroup;
			children = (
				C08014D31BBB649800769261 /* ToDoList(practice) */,
				C08014D21BBB649800769261 /* Products */,
			);
			sourceTree = "<group>";
		};
		C08014D21BBB649800769261 /* Products */ = {
			isa = PBXGroup;
			children = (
				C08014D11BBB649800769261 /* ToDoList(practice).app */,
			);
			name = Products;
			sourceTree = "<group>";
		};
		C08014D31BBB649800769261 /* ToDoList(practice) */ = {
			isa = PBXGroup;
			children = (
				C08014D41BBB649800769261 /* AppDelegate.swift */,
				C08014D61BBB649800769261 /* ViewController.swift */,
				C08014D81BBB649800769261 /* Main.storyboard */,
				C08014DB1BBB649800769261 /* Assets.xcassets */,
				C08014DD1BBB649800769261 /* LaunchScreen.storyboard */,
				C08014E01BBB649800769261 /* Info.plist */,
			);
			path = "ToDoList(practice)";
			sourceTree = "<group>";
		};
/* End PBXGroup section */

/* Begin PBXNativeTarget section */
		C08014D01BBB649800769261 /* ToDoList(practice) */ = {
			isa = PBXNativeTarget;
			buildConfigurationList = C08014E31BBB649800769261 /* Build configuration list for PBXNativeTarget "ToDoList(practice)" */;
			buildPhases = (
				C08014CD1BBB649800769261 /* Sources */,
				C08014CE1BBB649800769261 /* Frameworks */,
				C08014CF1BBB649800769261 /* Resources */,
			);
			buildRules = (
			);
			dependencies = (
			);
			name = "ToDoList(practice)";
			productName = "ToDoList(practice)";
			productReference = C08014D11BBB649800769261 /* ToDoList(practice).app */;
			productType = "com.apple.product-type.application";
		};
/* End PBXNativeTarget section */

/* Begin PBXProject section */
		C08014C91BBB649800769261 /* Project object */ = {
			isa = PBXProject;
			attributes = {
				LastUpgradeCheck = 0700;
				ORGANIZATIONNAME = "孝成 顾";
				TargetAttributes = {
					C08014D01BBB649800769261 = {
						CreatedOnToolsVersion = 7.0;
						DevelopmentTeam = 7RT4BN8ZGM;
					};
				};
			};
			buildConfigurationList = C08014CC1BBB649800769261 /* Build configuration list for PBXProject "ToDoList(practice)" */;
			compatibilityVersion = "Xcode 3.2";
			developmentRegion = English;
			hasScannedForEncodings = 0;
			knownRegions = (
				en,
				Base,
			);
			mainGroup = C08014C81BBB649800769261;
			productRefGroup = C08014D21BBB649800769261 /* Products */;
			projectDirPath = "";
			projectRoot = "";
			targets = (
				C08014D01BBB649800769261 /* ToDoList(practice) */,
			);
		};
/* End PBXProject section */

/* Begin PBXResourcesBuildPhase section */
		C08014CF1BBB649800769261 /* Resources */ = {
			isa = PBXResourcesBuildPhase;
			buildActionMask = 2147483647;
			files = (
				C08014DF1BBB649800769261 /* LaunchScreen.storyboard in Resources */,
				C08014DC1BBB649800769261 /* Assets.xcassets in Resources */,
				C08014DA1BBB649800769261 /* Main.storyboard in Resources */,
			);
			runOnlyForDeploymentPostprocessing = 0;
		};
/* End PBXResourcesBuildPhase section */

/* Begin PBXSourcesBuildPhase section */
		C08014CD1BBB649800769261 /* Sources */ = {
			isa = PBXSourcesBuildPhase;
			buildActionMask = 2147483647;
			files = (
				C08014D71BBB649800769261 /* ViewController.swift in Sources */,
				C08014D51BBB649800769261 /* AppDelegate.swift in Sources */,
			);
			runOnlyForDeploymentPostprocessing = 0;
		};
/* End PBXSourcesBuildPhase section */

/* Begin PBXVariantGroup section */
		C08014D81BBB649800769261 /* Main.storyboard */ = {
			isa = PBXVariantGroup;
			children = (
				C08014D91BBB649800769261 /* Base */,
			);
			name = Main.storyboard;
			sourceTree = "<group>";
		};
		C08014DD1BBB649800769261 /* LaunchScreen.storyboard */ = {
			isa = PBXVariantGroup;
			children = (
				C08014DE1BBB649800769261 /* Base */,
			);
			name = LaunchScreen.storyboard;
			sourceTree = "<group>";
		};
/* End PBXVariantGroup section */

/* Begin XCBuildConfiguration section */
		C08014E11BBB649800769261 /* Debug */ = {
			isa = XCBuildConfiguration;
			buildSettings = {
				ALWAYS_SEARCH_USER_PATHS = NO;
				CLANG_CXX_LANGUAGE_STANDARD = "gnu++0x";
				CLANG_CXX_LIBRARY = "libc++";
				CLANG_ENABLE_MODULES = YES;
				CLANG_ENABLE_OBJC_ARC = YES;
				CLANG_WARN_BOOL_CONVERSION = YES;
				CLANG_WARN_CONSTANT_CONVERSION = YES;
				CLANG_WARN_DIRECT_OBJC_ISA_USAGE = YES_ERROR;
				CLANG_WARN_EMPTY_BODY = YES;
				CLANG_WARN_ENUM_CONVERSION = YES;
				CLANG_WARN_INT_CONVERSION = YES;
				CLANG_WARN_OBJC_ROOT_CLASS = YES_ERROR;
				CLANG_WARN_UNREACHABLE_CODE = YES;
				CLANG_WARN__DUPLICATE_METHOD_MATCH = YES;
				"CODE_SIGN_IDENTITY[sdk=iphoneos*]" = "iPhone Developer";
				COPY_PHASE_STRIP = NO;
				DEBUG_INFORMATION_FORMAT = dwarf;
				ENABLE_STRICT_OBJC_MSGSEND = YES;
				ENABLE_TESTABILITY = YES;
				GCC_C_LANGUAGE_STANDARD = gnu99;
				GCC_DYNAMIC_NO_PIC = NO;
				GCC_NO_COMMON_BLOCKS = YES;
				GCC_OPTIMIZATION_LEVEL = 0;
				GCC_PREPROCESSOR_DEFINITIONS = (
					"DEBUG=1",
					"$(inherited)",
				);
				GCC_WARN_64_TO_32_BIT_CONVERSION = YES;
				GCC_WARN_ABOUT_RETURN_TYPE = YES_ERROR;
				GCC_WARN_UNDECLARED_SELECTOR = YES;
				GCC_WARN_UNINITIALIZED_AUTOS = YES_AGGRESSIVE;
				GCC_WARN_UNUSED_FUNCTION = YES;
				GCC_WARN_UNUSED_VARIABLE = YES;
				IPHONEOS_DEPLOYMENT_TARGET = 9.0;
				MTL_ENABLE_DEBUG_INFO = YES;
				ONLY_ACTIVE_ARCH = YES;
				SDKROOT = iphoneos;
				SWIFT_OPTIMIZATION_LEVEL = "-Onone";
			};
			name = Debug;
		};
		C08014E21BBB649800769261 /* Release */ = {
			isa = XCBuildConfiguration;
			buildSettings = {
				ALWAYS_SEARCH_USER_PATHS = NO;
				CLANG_CXX_LANGUAGE_STANDARD = "gnu++0x";
				CLANG_CXX_LIBRARY = "libc++";
				CLANG_ENABLE_MODULES = YES;
				CLANG_ENABLE_OBJC_ARC = YES;
				CLANG_WARN_BOOL_CONVERSION = YES;
				CLANG_WARN_CONSTANT_CONVERSION = YES;
				CLANG_WARN_DIRECT_OBJC_ISA_USAGE = YES_ERROR;
				CLANG_WARN_EMPTY_BODY = YES;
				CLANG_WARN_ENUM_CONVERSION = YES;
				CLANG_WARN_INT_CONVERSION = YES;
				CLANG_WARN_OBJC_ROOT_CLASS = YES_ERROR;
				CLANG_WARN_UNREACHABLE_CODE = YES;
				CLANG_WARN__DUPLICATE_METHOD_MATCH = YES;
				"CODE_SIGN_IDENTITY[sdk=iphoneos*]" = "iPhone Developer";
				COPY_PHASE_STRIP = NO;
				DEBUG_INFORMATION_FORMAT = "dwarf-with-dsym";
				ENABLE_NS_ASSERTIONS = NO;
				ENABLE_STRICT_OBJC_MSGSEND = YES;
				GCC_C_LANGUAGE_STANDARD = gnu99;
				GCC_NO_COMMON_BLOCKS = YES;
				GCC_WARN_64_TO_32_BIT_CONVERSION = YES;
				GCC_WARN_ABOUT_RETURN_TYPE = YES_ERROR;
				GCC_WARN_UNDECLARED_SELECTOR = YES;
				GCC_WARN_UNINITIALIZED_AUTOS = YES_AGGRESSIVE;
				GCC_WARN_UNUSED_FUNCTION = YES;
				GCC_WARN_UNUSED_VARIABLE = YES;
				IPHONEOS_DEPLOYMENT_TARGET = 9.0;
				MTL_ENABLE_DEBUG_INFO = NO;
				SDKROOT = iphoneos;
				VALIDATE_PRODUCT = YES;
			};
			name = Release;
		};
		C08014E41BBB649800769261 /* Debug */ = {
			isa = XCBuildConfiguration;
			buildSettings = {
				ASSETCATALOG_COMPILER_APPICON_NAME = AppIcon;
				INFOPLIST_FILE = "ToDoList(practice)/Info.plist";
				LD_RUNPATH_SEARCH_PATHS = "$(inherited) @executable_path/Frameworks";
				PRODUCT_BUNDLE_IDENTIFIER = "kelvin.ToDoList-practice-";
				PRODUCT_NAME = "$(TARGET_NAME)";
			};
			name = Debug;
		};
		C08014E51BBB649800769261 /* Release */ = {
			isa = XCBuildConfiguration;
			buildSettings = {
				ASSETCATALOG_COMPILER_APPICON_NAME = AppIcon;
				INFOPLIST_FILE = "ToDoList(practice)/Info.plist";
				LD_RUNPATH_SEARCH_PATHS = "$(inherited) @executable_path/Frameworks";
				PRODUCT_BUNDLE_IDENTIFIER = "kelvin.ToDoList-practice-";
				PRODUCT_NAME = "$(TARGET_NAME)";
			};
			name = Release;
		};
/* End XCBuildConfiguration section */

/* Begin XCConfigurationList section */
		C08014CC1BBB649800769261 /* Build configuration list for PBXProject "ToDoList(practice)" */ = {
			isa = XCConfigurationList;
			buildConfigurations = (
				C08014E11BBB649800769261 /* Debug */,
				C08014E21BBB649800769261 /* Release */,
			);
			defaultConfigurationIsVisible = 0;
			defaultConfigurationName = Release;
		};
		C08014E31BBB649800769261 /* Build configuration list for PBXNativeTarget "ToDoList(practice)" */ = {
			isa = XCConfigurationList;
			buildConfigurations = (
				C08014E41BBB649800769261 /* Debug */,
				C08014E51BBB649800769261 /* Release */,
			);
			defaultConfigurationIsVisible = 0;
		};
/* End XCConfigurationList section */
	};
	rootObject = C08014C91BBB649800769261 /* Project object */;
}
